
Microsoft Visual Studio Solution File, Format Version 12.00
# Visual Studio Version 17
VisualStudioVersion = 17.5.33424.131
MinimumVisualStudioVersion = 10.0.40219.1
Project("{FAE04EC0-301F-11D3-BF4B-00C04F79EFBC}") = "Parte2", "Parte2\Parte2.csproj", "{370092B3-FB19-40E2-B053-41845970CAC7}"
EndProject
Project("{FAE04EC0-301F-11D3-BF4B-00C04F79EFBC}") = "Parte2.Test", "Parte2.Test\Parte2.Test.csproj", "{BDD215B1-A3D9-45BD-A1B9-E5AAB28436EE}"
EndProject
Global
	GlobalSection(SolutionConfigurationPlatforms) = preSolution
		Debug|Any CPU = Debug|Any CPU
		Release|Any CPU = Release|Any CPU
	EndGlobalSection
	GlobalSection(ProjectConfigurationPlatforms) = postSolution
		{370092B3-FB19-40E2-B053-41845970CAC7}.Debug|Any CPU.ActiveCfg = Debug|Any CPU
		{370092B3-FB19-40E2-B053-41845970CAC7}.Debug|Any CPU.Build.0 = Debug|Any CPU
		{370092B3-FB19-40E2-B053-41845970CAC7}.Release|Any CPU.ActiveCfg = Release|Any CPU
		{370092B3-FB19-40E2-B053-41845970CAC7}.Release|Any CPU.Build.0 = Release|Any CPU
		{BDD215B1-A3D9-45BD-A1B9-E5AAB28436EE}.Debug|Any CPU.ActiveCfg = Debug|Any CPU
		{BDD215B1-A3D9-45BD-A1B9-E5AAB28436EE}.Debug|Any CPU.Build.0 = Debug|Any CPU
		{BDD215B1-A3D9-45BD-A1B9-E5AAB28436EE}.Release|Any CPU.ActiveCfg = Release|Any CPU
		{BDD215B1-A3D9-45BD-A1B9-E5AAB28436EE}.Release|Any CPU.Build.0 = Release|Any CPU
	EndGlobalSection
	GlobalSection(SolutionProperties) = preSolution
		HideSolutionNode = FALSE
	EndGlobalSection
	GlobalSection(ExtensibilityGlobals) = postSolution
		SolutionGuid = {F4DCD08E-5EE4-4C1A-8FF9-6D321DBBA2A4}
	EndGlobalSection
EndGlobal
